
Microsoft Visual Studio Solution File, Format Version 12.00
# Visual Studio 14
VisualStudioVersion = 14.0.25420.1
MinimumVisualStudioVersion = 10.0.40219.1
Project("{FAE04EC0-301F-11D3-BF4B-00C04F79EFBC}") = "IUnityCode.NRefactory", "CodeTree\ICSharpCode.NRefactory\IUnityCode.NRefactory.csproj", "{3B2A5653-EC97-4001-BB9B-D90F1AF2C371}"
EndProject
Project("{FAE04EC0-301F-11D3-BF4B-00C04F79EFBC}") = "IUnityCode.NRefactory.CSharp", "CodeTree\ICSharpCode.NRefactory.CSharp\IUnityCode.NRefactory.CSharp.csproj", "{53DCA265-3C3C-42F9-B647-F72BA678122B}"
EndProject
Project("{FAE04EC0-301F-11D3-BF4B-00C04F79EFBC}") = "IUnityCode.NRefactory.Demo", "ICSharpCode.NRefactory.Demo\IUnityCode.NRefactory.Demo.csproj", "{9C19E629-C93E-4ACB-9A4B-13072B5AEF9D}"
EndProject
Global
	GlobalSection(SolutionConfigurationPlatforms) = preSolution
		Debug|Any CPU = Debug|Any CPU
		Debug|x64 = Debug|x64
		Debug|x86 = Debug|x86
		net_4_5_Debug|Any CPU = net_4_5_Debug|Any CPU
		net_4_5_Debug|x64 = net_4_5_Debug|x64
		net_4_5_Debug|x86 = net_4_5_Debug|x86
		net_4_5_Release|Any CPU = net_4_5_Release|Any CPU
		net_4_5_Release|x64 = net_4_5_Release|x64
		net_4_5_Release|x86 = net_4_5_Release|x86
		Release|Any CPU = Release|Any CPU
		Release|x64 = Release|x64
		Release|x86 = Release|x86
	EndGlobalSection
	GlobalSection(ProjectConfigurationPlatforms) = postSolution
		{3B2A5653-EC97-4001-BB9B-D90F1AF2C371}.Debug|Any CPU.ActiveCfg = Debug|Any CPU
		{3B2A5653-EC97-4001-BB9B-D90F1AF2C371}.Debug|Any CPU.Build.0 = Debug|Any CPU
		{3B2A5653-EC97-4001-BB9B-D90F1AF2C371}.Debug|x64.ActiveCfg = Debug|x64
		{3B2A5653-EC97-4001-BB9B-D90F1AF2C371}.Debug|x64.Build.0 = Debug|x64
		{3B2A5653-EC97-4001-BB9B-D90F1AF2C371}.Debug|x86.ActiveCfg = Debug|Any CPU
		{3B2A5653-EC97-4001-BB9B-D90F1AF2C371}.Debug|x86.Build.0 = Debug|Any CPU
		{3B2A5653-EC97-4001-BB9B-D90F1AF2C371}.net_4_5_Debug|Any CPU.ActiveCfg = net_4_5_Debug|Any CPU
		{3B2A5653-EC97-4001-BB9B-D90F1AF2C371}.net_4_5_Debug|Any CPU.Build.0 = net_4_5_Debug|Any CPU
		{3B2A5653-EC97-4001-BB9B-D90F1AF2C371}.net_4_5_Debug|x64.ActiveCfg = net_4_5_Debug|x64
		{3B2A5653-EC97-4001-BB9B-D90F1AF2C371}.net_4_5_Debug|x64.Build.0 = net_4_5_Debug|x64
		{3B2A5653-EC97-4001-BB9B-D90F1AF2C371}.net_4_5_Debug|x86.ActiveCfg = net_4_5_Debug|Any CPU
		{3B2A5653-EC97-4001-BB9B-D90F1AF2C371}.net_4_5_Debug|x86.Build.0 = net_4_5_Debug|Any CPU
		{3B2A5653-EC97-4001-BB9B-D90F1AF2C371}.net_4_5_Release|Any CPU.ActiveCfg = net_4_5_Release|Any CPU
		{3B2A5653-EC97-4001-BB9B-D90F1AF2C371}.net_4_5_Release|Any CPU.Build.0 = net_4_5_Release|Any CPU
		{3B2A5653-EC97-4001-BB9B-D90F1AF2C371}.net_4_5_Release|x64.ActiveCfg = net_4_5_Release|x64
		{3B2A5653-EC97-4001-BB9B-D90F1AF2C371}.net_4_5_Release|x64.Build.0 = net_4_5_Release|x64
		{3B2A5653-EC97-4001-BB9B-D90F1AF2C371}.net_4_5_Release|x86.ActiveCfg = net_4_5_Release|Any CPU
		{3B2A5653-EC97-4001-BB9B-D90F1AF2C371}.net_4_5_Release|x86.Build.0 = net_4_5_Release|Any CPU
		{3B2A5653-EC97-4001-BB9B-D90F1AF2C371}.Release|Any CPU.ActiveCfg = Release|Any CPU
		{3B2A5653-EC97-4001-BB9B-D90F1AF2C371}.Release|Any CPU.Build.0 = Release|Any CPU
		{3B2A5653-EC97-4001-BB9B-D90F1AF2C371}.Release|x64.ActiveCfg = Release|x64
		{3B2A5653-EC97-4001-BB9B-D90F1AF2C371}.Release|x64.Build.0 = Release|x64
		{3B2A5653-EC97-4001-BB9B-D90F1AF2C371}.Release|x86.ActiveCfg = Release|Any CPU
		{3B2A5653-EC97-4001-BB9B-D90F1AF2C371}.Release|x86.Build.0 = Release|Any CPU
		{53DCA265-3C3C-42F9-B647-F72BA678122B}.Debug|Any CPU.ActiveCfg = Debug|Any CPU
		{53DCA265-3C3C-42F9-B647-F72BA678122B}.Debug|Any CPU.Build.0 = Debug|Any CPU
		{53DCA265-3C3C-42F9-B647-F72BA678122B}.Debug|x64.ActiveCfg = Debug|Any CPU
		{53DCA265-3C3C-42F9-B647-F72BA678122B}.Debug|x64.Build.0 = Debug|Any CPU
		{53DCA265-3C3C-42F9-B647-F72BA678122B}.Debug|x86.ActiveCfg = Debug|Any CPU
		{53DCA265-3C3C-42F9-B647-F72BA678122B}.Debug|x86.Build.0 = Debug|Any CPU
		{53DCA265-3C3C-42F9-B647-F72BA678122B}.net_4_5_Debug|Any CPU.ActiveCfg = net_4_5_Debug|Any CPU
		{53DCA265-3C3C-42F9-B647-F72BA678122B}.net_4_5_Debug|Any CPU.Build.0 = net_4_5_Debug|Any CPU
		{53DCA265-3C3C-42F9-B647-F72BA678122B}.net_4_5_Debug|x64.ActiveCfg = net_4_5_Debug|Any CPU
		{53DCA265-3C3C-42F9-B647-F72BA678122B}.net_4_5_Debug|x64.Build.0 = net_4_5_Debug|Any CPU
		{53DCA265-3C3C-42F9-B647-F72BA678122B}.net_4_5_Debug|x86.ActiveCfg = net_4_5_Debug|Any CPU
		{53DCA265-3C3C-42F9-B647-F72BA678122B}.net_4_5_Debug|x86.Build.0 = net_4_5_Debug|Any CPU
		{53DCA265-3C3C-42F9-B647-F72BA678122B}.net_4_5_Release|Any CPU.ActiveCfg = net_4_5_Release|Any CPU
		{53DCA265-3C3C-42F9-B647-F72BA678122B}.net_4_5_Release|Any CPU.Build.0 = net_4_5_Release|Any CPU
		{53DCA265-3C3C-42F9-B647-F72BA678122B}.net_4_5_Release|x64.ActiveCfg = net_4_5_Release|Any CPU
		{53DCA265-3C3C-42F9-B647-F72BA678122B}.net_4_5_Release|x64.Build.0 = net_4_5_Release|Any CPU
		{53DCA265-3C3C-42F9-B647-F72BA678122B}.net_4_5_Release|x86.ActiveCfg = net_4_5_Release|Any CPU
		{53DCA265-3C3C-42F9-B647-F72BA678122B}.net_4_5_Release|x86.Build.0 = net_4_5_Release|Any CPU
		{53DCA265-3C3C-42F9-B647-F72BA678122B}.Release|Any CPU.ActiveCfg = Release|Any CPU
		{53DCA265-3C3C-42F9-B647-F72BA678122B}.Release|Any CPU.Build.0 = Release|Any CPU
		{53DCA265-3C3C-42F9-B647-F72BA678122B}.Release|x64.ActiveCfg = Release|Any CPU
		{53DCA265-3C3C-42F9-B647-F72BA678122B}.Release|x64.Build.0 = Release|Any CPU
		{53DCA265-3C3C-42F9-B647-F72BA678122B}.Release|x86.ActiveCfg = Release|Any CPU
		{53DCA265-3C3C-42F9-B647-F72BA678122B}.Release|x86.Build.0 = Release|Any CPU
		{9C19E629-C93E-4ACB-9A4B-13072B5AEF9D}.Debug|Any CPU.ActiveCfg = Debug|Any CPU
		{9C19E629-C93E-4ACB-9A4B-13072B5AEF9D}.Debug|Any CPU.Build.0 = Debug|Any CPU
		{9C19E629-C93E-4ACB-9A4B-13072B5AEF9D}.Debug|x64.ActiveCfg = Debug|Any CPU
		{9C19E629-C93E-4ACB-9A4B-13072B5AEF9D}.Debug|x64.Build.0 = Debug|Any CPU
		{9C19E629-C93E-4ACB-9A4B-13072B5AEF9D}.Debug|x86.ActiveCfg = Debug|x86
		{9C19E629-C93E-4ACB-9A4B-13072B5AEF9D}.Debug|x86.Build.0 = Debug|x86
		{9C19E629-C93E-4ACB-9A4B-13072B5AEF9D}.net_4_5_Debug|Any CPU.ActiveCfg = net_4_5_Debug|Any CPU
		{9C19E629-C93E-4ACB-9A4B-13072B5AEF9D}.net_4_5_Debug|Any CPU.Build.0 = net_4_5_Debug|Any CPU
		{9C19E629-C93E-4ACB-9A4B-13072B5AEF9D}.net_4_5_Debug|x64.ActiveCfg = net_4_5_Debug|Any CPU
		{9C19E629-C93E-4ACB-9A4B-13072B5AEF9D}.net_4_5_Debug|x64.Build.0 = net_4_5_Debug|Any CPU
		{9C19E629-C93E-4ACB-9A4B-13072B5AEF9D}.net_4_5_Debug|x86.ActiveCfg = net_4_5_Debug|x86
		{9C19E629-C93E-4ACB-9A4B-13072B5AEF9D}.net_4_5_Debug|x86.Build.0 = net_4_5_Debug|x86
		{9C19E629-C93E-4ACB-9A4B-13072B5AEF9D}.net_4_5_Release|Any CPU.ActiveCfg = net_4_5_Release|Any CPU
		{9C19E629-C93E-4ACB-9A4B-13072B5AEF9D}.net_4_5_Release|Any CPU.Build.0 = net_4_5_Release|Any CPU
		{9C19E629-C93E-4ACB-9A4B-13072B5AEF9D}.net_4_5_Release|x64.ActiveCfg = net_4_5_Release|Any CPU
		{9C19E629-C93E-4ACB-9A4B-13072B5AEF9D}.net_4_5_Release|x64.Build.0 = net_4_5_Release|Any CPU
		{9C19E629-C93E-4ACB-9A4B-13072B5AEF9D}.net_4_5_Release|x86.ActiveCfg = net_4_5_Release|x86
		{9C19E629-C93E-4ACB-9A4B-13072B5AEF9D}.net_4_5_Release|x86.Build.0 = net_4_5_Release|x86
		{9C19E629-C93E-4ACB-9A4B-13072B5AEF9D}.Release|Any CPU.ActiveCfg = Release|Any CPU
		{9C19E629-C93E-4ACB-9A4B-13072B5AEF9D}.Release|Any CPU.Build.0 = Release|Any CPU
		{9C19E629-C93E-4ACB-9A4B-13072B5AEF9D}.Release|x64.ActiveCfg = Release|Any CPU
		{9C19E629-C93E-4ACB-9A4B-13072B5AEF9D}.Release|x64.Build.0 = Release|Any CPU
		{9C19E629-C93E-4ACB-9A4B-13072B5AEF9D}.Release|x86.ActiveCfg = Release|x86
		{9C19E629-C93E-4ACB-9A4B-13072B5AEF9D}.Release|x86.Build.0 = Release|x86
	EndGlobalSection
	GlobalSection(SolutionProperties) = preSolution
		HideSolutionNode = FALSE
	EndGlobalSection
EndGlobal
